
Microsoft Visual Studio Solution File, Format Version 12.00
# Visual Studio Version 17
VisualStudioVersion = 17.11.35222.181
MinimumVisualStudioVersion = 10.0.40219.1
Project("{9A19103F-16F7-4668-BE54-9A1E7A4F7556}") = "WebApiProject", "WebApiProject\WebApiProject.csproj", "{84C03239-BBAC-46D2-B180-3B63F74BB000}"
EndProject
Project("{9A19103F-16F7-4668-BE54-9A1E7A4F7556}") = "WebApiProject.Shared", "WebApiProject.Shared\WebApiProject.Shared.csproj", "{81146622-31B9-4CC7-B8FE-CACEBE490012}"
EndProject
Project("{FAE04EC0-301F-11D3-BF4B-00C04F79EFBC}") = "WebApiProject.MVC", "WebApiProject.MVC\WebApiProject.MVC.csproj", "{780B3392-2C86-48AB-A38B-31F6F8695175}"
EndProject
Global
	GlobalSection(SolutionConfigurationPlatforms) = preSolution
		Debug|Any CPU = Debug|Any CPU
		Release|Any CPU = Release|Any CPU
	EndGlobalSection
	GlobalSection(ProjectConfigurationPlatforms) = postSolution
		{84C03239-BBAC-46D2-B180-3B63F74BB000}.Debug|Any CPU.ActiveCfg = Debug|Any CPU
		{84C03239-BBAC-46D2-B180-3B63F74BB000}.Debug|Any CPU.Build.0 = Debug|Any CPU
		{84C03239-BBAC-46D2-B180-3B63F74BB000}.Release|Any CPU.ActiveCfg = Release|Any CPU
		{84C03239-BBAC-46D2-B180-3B63F74BB000}.Release|Any CPU.Build.0 = Release|Any CPU
		{81146622-31B9-4CC7-B8FE-CACEBE490012}.Debug|Any CPU.ActiveCfg = Debug|Any CPU
		{81146622-31B9-4CC7-B8FE-CACEBE490012}.Debug|Any CPU.Build.0 = Debug|Any CPU
		{81146622-31B9-4CC7-B8FE-CACEBE490012}.Release|Any CPU.ActiveCfg = Release|Any CPU
		{81146622-31B9-4CC7-B8FE-CACEBE490012}.Release|Any CPU.Build.0 = Release|Any CPU
		{780B3392-2C86-48AB-A38B-31F6F8695175}.Debug|Any CPU.ActiveCfg = Debug|Any CPU
		{780B3392-2C86-48AB-A38B-31F6F8695175}.Debug|Any CPU.Build.0 = Debug|Any CPU
		{780B3392-2C86-48AB-A38B-31F6F8695175}.Release|Any CPU.ActiveCfg = Release|Any CPU
		{780B3392-2C86-48AB-A38B-31F6F8695175}.Release|Any CPU.Build.0 = Release|Any CPU
	EndGlobalSection
	GlobalSection(SolutionProperties) = preSolution
		HideSolutionNode = FALSE
	EndGlobalSection
	GlobalSection(ExtensibilityGlobals) = postSolution
		SolutionGuid = {D685B159-2E87-4651-A3A3-9E2D4FC89592}
	EndGlobalSection
EndGlobal
